speakeasyVersion: 1.583.0
sources:
    Midday-OAS:
        sourceNamespace: midday-api
        sourceRevisionDigest: sha256:143d899a0b22710071c20ce4f31d9ffa0e4fb203803ad1f8ccca84bf05eb795d
        sourceBlobDigest: sha256:3b760a95ca61ac2eeaa2a16eef15bc64e0ee5af8f94e7f8041afa1d5a537f3d4
        tags:
            - latest
            - speakeasy-sdk-regen-1749687693
targets:
    midday:
        source: Midday-OAS
        sourceNamespace: midday-api
        sourceRevisionDigest: sha256:143d899a0b22710071c20ce4f31d9ffa0e4fb203803ad1f8ccca84bf05eb795d
        sourceBlobDigest: sha256:3b760a95ca61ac2eeaa2a16eef15bc64e0ee5af8f94e7f8041afa1d5a537f3d4
        codeSamplesNamespace: midday-oas-go-code-samples
        codeSamplesRevisionDigest: sha256:201147aaf4b46ba794f1d1c9fd2ca1b3ade87390120d4fb203e0ce1431878915
workflow:
    workflowVersion: 1.0.0
    speakeasyVersion: latest
    sources:
        Midday-OAS:
            inputs:
                - location: registry.speakeasyapi.dev/midday/midday/midday-api:main
            registry:
                location: registry.speakeasyapi.dev/midday/midday/midday-oas
    targets:
        midday:
            target: go
            source: Midday-OAS
            codeSamples:
                registry:
                    location: registry.speakeasyapi.dev/midday/midday/midday-oas-go-code-samples
                labelOverride:
                    fixedValue: Go (SDK)
                blocking: false
