speakeasyVersion: 1.606.0
sources:
    Midday-OAS:
        sourceNamespace: midday-api
        sourceRevisionDigest: sha256:21e7bf14de99237457465b08581adc32497444a0df412700665694bc1e4fe5f7
        sourceBlobDigest: sha256:820b4a0cdaf0e1ee1e853fc7036f76047c0725bf4f1fe4f81dfc8973a295036b
        tags:
            - latest
            - speakeasy-sdk-regen-1783910519
targets:
    midday:
        source: Midday-OAS
        sourceNamespace: midday-api
        sourceRevisionDigest: sha256:21e7bf14de99237457465b08581adc32497444a0df412700665694bc1e4fe5f7
        sourceBlobDigest: sha256:820b4a0cdaf0e1ee1e853fc7036f76047c0725bf4f1fe4f81dfc8973a295036b
        codeSamplesNamespace: midday-oas-go-code-samples
        codeSamplesRevisionDigest: sha256:79199d10dd7b9fc25b44be3b448dc171693e0529389ac5dfcaaa647ebbf4554f
workflow:
    workflowVersion: 1.0.0
    speakeasyVersion: latest
    sources:
        Midday-OAS:
            inputs:
                - location: registry.speakeasyapi.dev/midday/midday/midday-api:main
            registry:
                location: registry.speakeasyapi.dev/midday/midday/midday-oas
    targets:
        midday:
            target: go
            source: Midday-OAS
            codeSamples:
                registry:
                    location: registry.speakeasyapi.dev/midday/midday/midday-oas-go-code-samples
                labelOverride:
                    fixedValue: Go (SDK)
                blocking: false
