speakeasyVersion: 1.622.1
sources:
    Midday-OAS:
        sourceNamespace: midday-api
        sourceRevisionDigest: sha256:ec0531072e6255230022481a20681d2e2807aa4790d88a9e6cc7955b40428800
        sourceBlobDigest: sha256:7d8c1d820eeeca2a44fc889957658e75e71f8a880eddc9492eec72df160c794f
        tags:
            - latest
            - speakeasy-sdk-regen-1756858780
targets:
    midday:
        source: Midday-OAS
        sourceNamespace: midday-api
        sourceRevisionDigest: sha256:ec0531072e6255230022481a20681d2e2807aa4790d88a9e6cc7955b40428800
        sourceBlobDigest: sha256:7d8c1d820eeeca2a44fc889957658e75e71f8a880eddc9492eec72df160c794f
        codeSamplesNamespace: midday-oas-go-code-samples
        codeSamplesRevisionDigest: sha256:c1593e8982ccbd710e6c51b1dd8c2d7c33ab1dce626033b953ee528f215161c5
workflow:
    workflowVersion: 1.0.0
    speakeasyVersion: latest
    sources:
        Midday-OAS:
            inputs:
                - location: registry.speakeasyapi.dev/midday/midday/midday-api:main
            registry:
                location: registry.speakeasyapi.dev/midday/midday/midday-oas
    targets:
        midday:
            target: go
            source: Midday-OAS
            codeSamples:
                registry:
                    location: registry.speakeasyapi.dev/midday/midday/midday-oas-go-code-samples
                labelOverride:
                    fixedValue: Go (SDK)
                blocking: false
